// !$*UTF8*$!
{
	archiveVersion = 1;
	classes = {
	};
	objectVersion = 50;
	objects = {

/* Begin PBXBuildFile section */
		5F1F6AFF24A00C7800B8DCA4 /* main.m in Sources */ = {isa = PBXBuildFile; fileRef = 5F1F6AFE24A00C7800B8DCA4 /* main.m */; };
		5F1F6B0724A00F3300B8DCA4 /* Article.m in Sources */ = {isa = PBXBuildFile; fileRef = 5F1F6B0624A00F3300B8DCA4 /* Article.m */; };
		5F1F6B0A24A018D100B8DCA4 /* NSString+FormattingOptions.m in Sources */ = {isa = PBXBuildFile; fileRef = 5F1F6B0924A018D100B8DCA4 /* NSString+FormattingOptions.m */; };
		5F1F6B0D24A019E000B8DCA4 /* Account.m in Sources */ = {isa = PBXBuildFile; fileRef = 5F1F6B0C24A019E000B8DCA4 /* Account.m */; };
/* End PBXBuildFile section */

/* Begin PBXCopyFilesBuildPhase section */
		5F1F6AF924A00C7800B8DCA4 /* CopyFiles */ = {
			isa = PBXCopyFilesBuildPhase;
			buildActionMask = 2147483647;
			dstPath = /usr/share/man/man1/;
			dstSubfolderSpec = 0;
			files = (
			);
			runOnlyForDeploymentPostprocessing = 1;
		};
/* End PBXCopyFilesBuildPhase section */

/* Begin PBXFileReference section */
		5F1F6AFB24A00C7800B8DCA4 /* LanguageFeaturesExample */ = {isa = PBXFileReference; explicitFileType = "compiled.mach-o.executable"; includeInIndex = 0; path = LanguageFeaturesExample; sourceTree = BUILT_PRODUCTS_DIR; };
		5F1F6AFE24A00C7800B8DCA4 /* main.m */ = {isa = PBXFileReference; lastKnownFileType = sourcecode.c.objc; path = main.m; sourceTree = "<group>"; };
		5F1F6B0524A00F3300B8DCA4 /* Article.h */ = {isa = PBXFileReference; lastKnownFileType = sourcecode.c.h; path = Article.h; sourceTree = "<group>"; };
		5F1F6B0624A00F3300B8DCA4 /* Article.m */ = {isa = PBXFileReference; lastKnownFileType = sourcecode.c.objc; path = Article.m; sourceTree = "<group>"; };
		5F1F6B0824A018D100B8DCA4 /* NSString+FormattingOptions.h */ = {isa = PBXFileReference; lastKnownFileType = sourcecode.c.h; path = "NSString+FormattingOptions.h"; sourceTree = "<group>"; };
		5F1F6B0924A018D100B8DCA4 /* NSString+FormattingOptions.m */ = {isa = PBXFileReference; lastKnownFileType = sourcecode.c.objc; path = "NSString+FormattingOptions.m"; sourceTree = "<group>"; };
		5F1F6B0B24A019E000B8DCA4 /* Account.h */ = {isa = PBXFileReference; lastKnownFileType = sourcecode.c.h; path = Account.h; sourceTree = "<group>"; };
		5F1F6B0C24A019E000B8DCA4 /* Account.m */ = {isa = PBXFileReference; lastKnownFileType = sourcecode.c.objc; path = Account.m; sourceTree = "<group>"; };
		5F1F6B0E24A01EE500B8DCA4 /* Account+PrivateProperties.h */ = {isa = PBXFileReference; lastKnownFileType = sourcecode.c.h; path = "Account+PrivateProperties.h"; sourceTree = "<group>"; };
/* End PBXFileReference section */

/* Begin PBXFrameworksBuildPhase section */
		5F1F6AF824A00C7800B8DCA4 /* Frameworks */ = {
			isa = PBXFrameworksBuildPhase;
			buildActionMask = 2147483647;
			files = (
			);
			runOnlyForDeploymentPostprocessing = 0;
		};
/* End PBXFrameworksBuildPhase section */

/* Begin PBXGroup section */
		5F1F6AF224A00C7800B8DCA4 = {
			isa = PBXGroup;
			children = (
				5F1F6AFD24A00C7800B8DCA4 /* LanguageFeaturesExample */,
				5F1F6AFC24A00C7800B8DCA4 /* Products */,
			);
			sourceTree = "<group>";
		};
		5F1F6AFC24A00C7800B8DCA4 /* Products */ = {
			isa = PBXGroup;
			children = (
				5F1F6AFB24A00C7800B8DCA4 /* LanguageFeaturesExample */,
			);
			name = Products;
			sourceTree = "<group>";
		};
		5F1F6AFD24A00C7800B8DCA4 /* LanguageFeaturesExample */ = {
			isa = PBXGroup;
			children = (
				5F1F6AFE24A00C7800B8DCA4 /* main.m */,
				5F1F6B0E24A01EE500B8DCA4 /* Account+PrivateProperties.h */,
				5F1F6B0B24A019E000B8DCA4 /* Account.h */,
				5F1F6B0C24A019E000B8DCA4 /* Account.m */,
				5F1F6B0824A018D100B8DCA4 /* NSString+FormattingOptions.h */,
				5F1F6B0924A018D100B8DCA4 /* NSString+FormattingOptions.m */,
				5F1F6B0524A00F3300B8DCA4 /* Article.h */,
				5F1F6B0624A00F3300B8DCA4 /* Article.m */,
			);
			path = LanguageFeaturesExample;
			sourceTree = "<group>";
		};
/* End PBXGroup section */

/* Begin PBXNativeTarget section */
		5F1F6AFA24A00C7800B8DCA4 /* LanguageFeaturesExample */ = {
			isa = PBXNativeTarget;
			buildConfigurationList = 5F1F6B0224A00C7800B8DCA4 /* Build configuration list for PBXNativeTarget "LanguageFeaturesExample" */;
			buildPhases = (
				5F1F6AF724A00C7800B8DCA4 /* Sources */,
				5F1F6AF824A00C7800B8DCA4 /* Frameworks */,
				5F1F6AF924A00C7800B8DCA4 /* CopyFiles */,
			);
			buildRules = (
			);
			dependencies = (
			);
			name = LanguageFeaturesExample;
			productName = LanguageFeaturesExample;
			productReference = 5F1F6AFB24A00C7800B8DCA4 /* LanguageFeaturesExample */;
			productType = "com.apple.product-type.tool";
		};
/* End PBXNativeTarget section */

/* Begin PBXProject section */
		5F1F6AF324A00C7800B8DCA4 /* Project object */ = {
			isa = PBXProject;
			attributes = {
				LastUpgradeCheck = 1150;
				ORGANIZATIONNAME = "Megan Yu";
				TargetAttributes = {
					5F1F6AFA24A00C7800B8DCA4 = {
						CreatedOnToolsVersion = 11.5;
					};
				};
			};
			buildConfigurationList = 5F1F6AF624A00C7800B8DCA4 /* Build configuration list for PBXProject "LanguageFeaturesExample" */;
			compatibilityVersion = "Xcode 9.3";
			developmentRegion = en;
			hasScannedForEncodings = 0;
			knownRegions = (
				en,
				Base,
			);
			mainGroup = 5F1F6AF224A00C7800B8DCA4;
			productRefGroup = 5F1F6AFC24A00C7800B8DCA4 /* Products */;
			projectDirPath = "";
			projectRoot = "";
			targets = (
				5F1F6AFA24A00C7800B8DCA4 /* LanguageFeaturesExample */,
			);
		};
/* End PBXProject section */

/* Begin PBXSourcesBuildPhase section */
		5F1F6AF724A00C7800B8DCA4 /* Sources */ = {
			isa = PBXSourcesBuildPhase;
			buildActionMask = 2147483647;
			files = (
				5F1F6B0724A00F3300B8DCA4 /* Article.m in Sources */,
				5F1F6B0D24A019E000B8DCA4 /* Account.m in Sources */,
				5F1F6B0A24A018D100B8DCA4 /* NSString+FormattingOptions.m in Sources */,
				5F1F6AFF24A00C7800B8DCA4 /* main.m in Sources */,
			);
			runOnlyForDeploymentPostprocessing = 0;
		};
/* End PBXSourcesBuildPhase section */

/* Begin XCBuildConfiguration section */
		5F1F6B0024A00C7800B8DCA4 /* Debug */ = {
			isa = XCBuildConfiguration;
			buildSettings = {
				ALWAYS_SEARCH_USER_PATHS = NO;
				CLANG_ANALYZER_NONNULL = YES;
				CLANG_ANALYZER_NUMBER_OBJECT_CONVERSION = YES_AGGRESSIVE;
				CLANG_CXX_LANGUAGE_STANDARD = "gnu++14";
				CLANG_CXX_LIBRARY = "libc++";
				CLANG_ENABLE_MODULES = YES;
				CLANG_ENABLE_OBJC_ARC = YES;
				CLANG_ENABLE_OBJC_WEAK = YES;
				CLANG_WARN_BLOCK_CAPTURE_AUTORELEASING = YES;
				CLANG_WARN_BOOL_CONVERSION = YES;
				CLANG_WARN_COMMA = YES;
				CLANG_WARN_CONSTANT_CONVERSION = YES;
				CLANG_WARN_DEPRECATED_OBJC_IMPLEMENTATIONS = YES;
				CLANG_WARN_DIRECT_OBJC_ISA_USAGE = YES_ERROR;
				CLANG_WARN_DOCUMENTATION_COMMENTS = YES;
				CLANG_WARN_EMPTY_BODY = YES;
				CLANG_WARN_ENUM_CONVERSION = YES;
				CLANG_WARN_INFINITE_RECURSION = YES;
				CLANG_WARN_INT_CONVERSION = YES;
				CLANG_WARN_NON_LITERAL_NULL_CONVERSION = YES;
				CLANG_WARN_OBJC_IMPLICIT_RETAIN_SELF = YES;
				CLANG_WARN_OBJC_LITERAL_CONVERSION = YES;
				CLANG_WARN_OBJC_ROOT_CLASS = YES_ERROR;
				CLANG_WARN_RANGE_LOOP_ANALYSIS = YES;
				CLANG_WARN_STRICT_PROTOTYPES = YES;
				CLANG_WARN_SUSPICIOUS_MOVE = YES;
				CLANG_WARN_UNGUARDED_AVAILABILITY = YES_AGGRESSIVE;
				CLANG_WARN_UNREACHABLE_CODE = YES;
				CLANG_WARN__DUPLICATE_METHOD_MATCH = YES;
				COPY_PHASE_STRIP = NO;
				DEBUG_INFORMATION_FORMAT = dwarf;
				ENABLE_STRICT_OBJC_MSGSEND = YES;
				ENABLE_TESTABILITY = YES;
				GCC_C_LANGUAGE_STANDARD = gnu11;
				GCC_DYNAMIC_NO_PIC = NO;
				GCC_NO_COMMON_BLOCKS = YES;
				GCC_OPTIMIZATION_LEVEL = 0;
				GCC_PREPROCESSOR_DEFINITIONS = (
					"DEBUG=1",
					"$(inherited)",
				);
				GCC_WARN_64_TO_32_BIT_CONVERSION = YES;
				GCC_WARN_ABOUT_RETURN_TYPE = YES_ERROR;
				GCC_WARN_UNDECLARED_SELECTOR = YES;
				GCC_WARN_UNINITIALIZED_AUTOS = YES_AGGRESSIVE;
				GCC_WARN_UNUSED_FUNCTION = YES;
				GCC_WARN_UNUSED_VARIABLE = YES;
				MACOSX_DEPLOYMENT_TARGET = 10.15;
				MTL_ENABLE_DEBUG_INFO = INCLUDE_SOURCE;
				MTL_FAST_MATH = YES;
				ONLY_ACTIVE_ARCH = YES;
				SDKROOT = macosx;
			};
			name = Debug;
		};
		5F1F6B0124A00C7800B8DCA4 /* Release */ = {
			isa = XCBuildConfiguration;
			buildSettings = {
				ALWAYS_SEARCH_USER_PATHS = NO;
				CLANG_ANALYZER_NONNULL = YES;
				CLANG_ANALYZER_NUMBER_OBJECT_CONVERSION = YES_AGGRESSIVE;
				CLANG_CXX_LANGUAGE_STANDARD = "gnu++14";
				CLANG_CXX_LIBRARY = "libc++";
				CLANG_ENABLE_MODULES = YES;
				CLANG_ENABLE_OBJC_ARC = YES;
				CLANG_ENABLE_OBJC_WEAK = YES;
				CLANG_WARN_BLOCK_CAPTURE_AUTORELEASING = YES;
				CLANG_WARN_BOOL_CONVERSION = YES;
				CLANG_WARN_COMMA = YES;
				CLANG_WARN_CONSTANT_CONVERSION = YES;
				CLANG_WARN_DEPRECATED_OBJC_IMPLEMENTATIONS = YES;
				CLANG_WARN_DIRECT_OBJC_ISA_USAGE = YES_ERROR;
				CLANG_WARN_DOCUMENTATION_COMMENTS = YES;
				CLANG_WARN_EMPTY_BODY = YES;
				CLANG_WARN_ENUM_CONVERSION = YES;
				CLANG_WARN_INFINITE_RECURSION = YES;
				CLANG_WARN_INT_CONVERSION = YES;
				CLANG_WARN_NON_LITERAL_NULL_CONVERSION = YES;
				CLANG_WARN_OBJC_IMPLICIT_RETAIN_SELF = YES;
				CLANG_WARN_OBJC_LITERAL_CONVERSION = YES;
				CLANG_WARN_OBJC_ROOT_CLASS = YES_ERROR;
				CLANG_WARN_RANGE_LOOP_ANALYSIS = YES;
				CLANG_WARN_STRICT_PROTOTYPES = YES;
				CLANG_WARN_SUSPICIOUS_MOVE = YES;
				CLANG_WARN_UNGUARDED_AVAILABILITY = YES_AGGRESSIVE;
				CLANG_WARN_UNREACHABLE_CODE = YES;
				CLANG_WARN__DUPLICATE_METHOD_MATCH = YES;
				COPY_PHASE_STRIP = NO;
				DEBUG_INFORMATION_FORMAT = "dwarf-with-dsym";
				ENABLE_NS_ASSERTIONS = NO;
				ENABLE_STRICT_OBJC_MSGSEND = YES;
				GCC_C_LANGUAGE_STANDARD = gnu11;
				GCC_NO_COMMON_BLOCKS = YES;
				GCC_WARN_64_TO_32_BIT_CONVERSION = YES;
				GCC_WARN_ABOUT_RETURN_TYPE = YES_ERROR;
				GCC_WARN_UNDECLARED_SELECTOR = YES;
				GCC_WARN_UNINITIALIZED_AUTOS = YES_AGGRESSIVE;
				GCC_WARN_UNUSED_FUNCTION = YES;
				GCC_WARN_UNUSED_VARIABLE = YES;
				MACOSX_DEPLOYMENT_TARGET = 10.15;
				MTL_ENABLE_DEBUG_INFO = NO;
				MTL_FAST_MATH = YES;
				SDKROOT = macosx;
			};
			name = Release;
		};
		5F1F6B0324A00C7800B8DCA4 /* Debug */ = {
			isa = XCBuildConfiguration;
			buildSettings = {
				CODE_SIGN_STYLE = Automatic;
				DEVELOPMENT_TEAM = 8652WRRVFY;
				ENABLE_HARDENED_RUNTIME = YES;
				PRODUCT_NAME = "$(TARGET_NAME)";
			};
			name = Debug;
		};
		5F1F6B0424A00C7800B8DCA4 /* Release */ = {
			isa = XCBuildConfiguration;
			buildSettings = {
				CODE_SIGN_STYLE = Automatic;
				DEVELOPMENT_TEAM = 8652WRRVFY;
				ENABLE_HARDENED_RUNTIME = YES;
				PRODUCT_NAME = "$(TARGET_NAME)";
			};
			name = Release;
		};
/* End XCBuildConfiguration section */

/* Begin XCConfigurationList section */
		5F1F6AF624A00C7800B8DCA4 /* Build configuration list for PBXProject "LanguageFeaturesExample" */ = {
			isa = XCConfigurationList;
			buildConfigurations = (
				5F1F6B0024A00C7800B8DCA4 /* Debug */,
				5F1F6B0124A00C7800B8DCA4 /* Release */,
			);
			defaultConfigurationIsVisible = 0;
			defaultConfigurationName = Release;
		};
		5F1F6B0224A00C7800B8DCA4 /* Build configuration list for PBXNativeTarget "LanguageFeaturesExample" */ = {
			isa = XCConfigurationList;
			buildConfigurations = (
				5F1F6B0324A00C7800B8DCA4 /* Debug */,
				5F1F6B0424A00C7800B8DCA4 /* Release */,
			);
			defaultConfigurationIsVisible = 0;
			defaultConfigurationName = Release;
		};
/* End XCConfigurationList section */
	};
	rootObject = 5F1F6AF324A00C7800B8DCA4 /* Project object */;
}
